
Microsoft Visual Studio Solution File, Format Version 12.00
# Visual Studio 15
VisualStudioVersion = 15.0.28307.329
MinimumVisualStudioVersion = 10.0.40219.1
Project("{FAE04EC0-301F-11D3-BF4B-00C04F79EFBC}") = "WCF-Giris", "WCF-Giris\WCF-Giris.csproj", "{007EC6A2-0518-419F-B0EF-A8A31D46ADB9}"
	ProjectSection(ProjectDependencies) = postProject
		{895DA753-207F-45FA-9976-D2234DEA9B4B} = {895DA753-207F-45FA-9976-D2234DEA9B4B}
	EndProjectSection
EndProject
Project("{FAE04EC0-301F-11D3-BF4B-00C04F79EFBC}") = "WcfService", "WcfService\WcfService.csproj", "{895DA753-207F-45FA-9976-D2234DEA9B4B}"
EndProject
Global
	GlobalSection(SolutionConfigurationPlatforms) = preSolution
		Debug|Any CPU = Debug|Any CPU
		Release|Any CPU = Release|Any CPU
	EndGlobalSection
	GlobalSection(ProjectConfigurationPlatforms) = postSolution
		{007EC6A2-0518-419F-B0EF-A8A31D46ADB9}.Debug|Any CPU.ActiveCfg = Debug|Any CPU
		{007EC6A2-0518-419F-B0EF-A8A31D46ADB9}.Debug|Any CPU.Build.0 = Debug|Any CPU
		{007EC6A2-0518-419F-B0EF-A8A31D46ADB9}.Release|Any CPU.ActiveCfg = Release|Any CPU
		{007EC6A2-0518-419F-B0EF-A8A31D46ADB9}.Release|Any CPU.Build.0 = Release|Any CPU
		{895DA753-207F-45FA-9976-D2234DEA9B4B}.Debug|Any CPU.ActiveCfg = Debug|Any CPU
		{895DA753-207F-45FA-9976-D2234DEA9B4B}.Debug|Any CPU.Build.0 = Debug|Any CPU
		{895DA753-207F-45FA-9976-D2234DEA9B4B}.Release|Any CPU.ActiveCfg = Release|Any CPU
		{895DA753-207F-45FA-9976-D2234DEA9B4B}.Release|Any CPU.Build.0 = Release|Any CPU
	EndGlobalSection
	GlobalSection(SolutionProperties) = preSolution
		HideSolutionNode = FALSE
	EndGlobalSection
	GlobalSection(ExtensibilityGlobals) = postSolution
		SolutionGuid = {B819856A-D2CE-4C68-AF03-C49954827D2D}
	EndGlobalSection
EndGlobal
